// !$*UTF8*$!
{
	archiveVersion = 1;
	classes = {
	};
	objectVersion = 46;
	objects = {

/* Begin PBXBuildFile section */
		9C5CF66F1C16D96E00C74CCC /* main.cpp in Sources */ = {isa = PBXBuildFile; fileRef = 9C5CF66E1C16D96E00C74CCC /* main.cpp */; };
/* End PBXBuildFile section */

/* Begin PBXCopyFilesBuildPhase section */
		9C5CF6691C16D96D00C74CCC /* CopyFiles */ = {
			isa = PBXCopyFilesBuildPhase;
			buildActionMask = 2147483647;
			dstPath = /usr/share/man/man1/;
			dstSubfolderSpec = 0;
			files = (
			);
			runOnlyForDeploymentPostprocessing = 1;
		};
/* End PBXCopyFilesBuildPhase section */

/* Begin PBXFileReference section */
		9C5CF66B1C16D96D00C74CCC /* Set Matrix Zeroes */ = {isa = PBXFileReference; explicitFileType = "compiled.mach-o.executable"; includeInIndex = 0; path = "Set Matrix Zeroes"; sourceTree = BUILT_PRODUCTS_DIR; };
		9C5CF66E1C16D96E00C74CCC /* main.cpp */ = {isa = PBXFileReference; lastKnownFileType = sourcecode.cpp.cpp; path = main.cpp; sourceTree = "<group>"; };
/* End PBXFileReference section */

/* Begin PBXFrameworksBuildPhase section */
		9C5CF6681C16D96D00C74CCC /* Frameworks */ = {
			isa = PBXFrameworksBuildPhase;
			buildActionMask = 2147483647;
			files = (
			);
			runOnlyForDeploymentPostprocessing = 0;
		};
/* End PBXFrameworksBuildPhase section */

/* Begin PBXGroup section */
		9C5CF6621C16D96D00C74CCC = {
			isa = PBXGroup;
			children = (
				9C5CF66D1C16D96D00C74CCC /* Set Matrix Zeroes */,
				9C5CF66C1C16D96D00C74CCC /* Products */,
			);
			sourceTree = "<group>";
		};
		9C5CF66C1C16D96D00C74CCC /* Products */ = {
			isa = PBXGroup;
			children = (
				9C5CF66B1C16D96D00C74CCC /* Set Matrix Zeroes */,
			);
			name = Products;
			sourceTree = "<group>";
		};
		9C5CF66D1C16D96D00C74CCC /* Set Matrix Zeroes */ = {
			isa = PBXGroup;
			children = (
				9C5CF66E1C16D96E00C74CCC /* main.cpp */,
			);
			path = "Set Matrix Zeroes";
			sourceTree = "<group>";
		};
/* End PBXGroup section */

/* Begin PBXNativeTarget section */
		9C5CF66A1C16D96D00C74CCC /* Set Matrix Zeroes */ = {
			isa = PBXNativeTarget;
			buildConfigurationList = 9C5CF6721C16D96E00C74CCC /* Build configuration list for PBXNativeTarget "Set Matrix Zeroes" */;
			buildPhases = (
				9C5CF6671C16D96D00C74CCC /* Sources */,
				9C5CF6681C16D96D00C74CCC /* Frameworks */,
				9C5CF6691C16D96D00C74CCC /* CopyFiles */,
			);
			buildRules = (
			);
			dependencies = (
			);
			name = "Set Matrix Zeroes";
			productName = "Set Matrix Zeroes";
			productReference = 9C5CF66B1C16D96D00C74CCC /* Set Matrix Zeroes */;
			productType = "com.apple.product-type.tool";
		};
/* End PBXNativeTarget section */

/* Begin PBXProject section */
		9C5CF6631C16D96D00C74CCC /* Project object */ = {
			isa = PBXProject;
			attributes = {
				LastUpgradeCheck = 0710;
				ORGANIZATIONNAME = "Rencheng Tan";
				TargetAttributes = {
					9C5CF66A1C16D96D00C74CCC = {
						CreatedOnToolsVersion = 7.1.1;
					};
				};
			};
			buildConfigurationList = 9C5CF6661C16D96D00C74CCC /* Build configuration list for PBXProject "Set Matrix Zeroes" */;
			compatibilityVersion = "Xcode 3.2";
			developmentRegion = English;
			hasScannedForEncodings = 0;
			knownRegions = (
				en,
			);
			mainGroup = 9C5CF6621C16D96D00C74CCC;
			productRefGroup = 9C5CF66C1C16D96D00C74CCC /* Products */;
			projectDirPath = "";
			projectRoot = "";
			targets = (
				9C5CF66A1C16D96D00C74CCC /* Set Matrix Zeroes */,
			);
		};
/* End PBXProject section */

/* Begin PBXSourcesBuildPhase section */
		9C5CF6671C16D96D00C74CCC /* Sources */ = {
			isa = PBXSourcesBuildPhase;
			buildActionMask = 2147483647;
			files = (
				9C5CF66F1C16D96E00C74CCC /* main.cpp in Sources */,
			);
			runOnlyForDeploymentPostprocessing = 0;
		};
/* End PBXSourcesBuildPhase section */

/* Begin XCBuildConfiguration section */
		9C5CF6701C16D96E00C74CCC /* Debug */ = {
			isa = XCBuildConfiguration;
			buildSettings = {
				ALWAYS_SEARCH_USER_PATHS = NO;
				CLANG_CXX_LANGUAGE_STANDARD = "gnu++0x";
				CLANG_CXX_LIBRARY = "libc++";
				CLANG_ENABLE_MODULES = YES;
				CLANG_ENABLE_OBJC_ARC = YES;
				CLANG_WARN_BOOL_CONVERSION = YES;
				CLANG_WARN_CONSTANT_CONVERSION = YES;
				CLANG_WARN_DIRECT_OBJC_ISA_USAGE = YES_ERROR;
				CLANG_WARN_EMPTY_BODY = YES;
				CLANG_WARN_ENUM_CONVERSION = YES;
				CLANG_WARN_INT_CONVERSION = YES;
				CLANG_WARN_OBJC_ROOT_CLASS = YES_ERROR;
				CLANG_WARN_UNREACHABLE_CODE = YES;
				CLANG_WARN__DUPLICATE_METHOD_MATCH = YES;
				CODE_SIGN_IDENTITY = "-";
				COPY_PHASE_STRIP = NO;
				DEBUG_INFORMATION_FORMAT = dwarf;
				ENABLE_STRICT_OBJC_MSGSEND = YES;
				ENABLE_TESTABILITY = YES;
				GCC_C_LANGUAGE_STANDARD = gnu99;
				GCC_DYNAMIC_NO_PIC = NO;
				GCC_NO_COMMON_BLOCKS = YES;
				GCC_OPTIMIZATION_LEVEL = 0;
				GCC_PREPROCESSOR_DEFINITIONS = (
					"DEBUG=1",
					"$(inherited)",
				);
				GCC_WARN_64_TO_32_BIT_CONVERSION = YES;
				GCC_WARN_ABOUT_RETURN_TYPE = YES_ERROR;
				GCC_WARN_UNDECLARED_SELECTOR = YES;
				GCC_WARN_UNINITIALIZED_AUTOS = YES_AGGRESSIVE;
				GCC_WARN_UNUSED_FUNCTION = YES;
				GCC_WARN_UNUSED_VARIABLE = YES;
				MACOSX_DEPLOYMENT_TARGET = 10.11;
				MTL_ENABLE_DEBUG_INFO = YES;
				ONLY_ACTIVE_ARCH = YES;
				SDKROOT = macosx;
			};
			name = Debug;
		};
		9C5CF6711C16D96E00C74CCC /* Release */ = {
			isa = XCBuildConfiguration;
			buildSettings = {
				ALWAYS_SEARCH_USER_PATHS = NO;
				CLANG_CXX_LANGUAGE_STANDARD = "gnu++0x";
				CLANG_CXX_LIBRARY = "libc++";
				CLANG_ENABLE_MODULES = YES;
				CLANG_ENABLE_OBJC_ARC = YES;
				CLANG_WARN_BOOL_CONVERSION = YES;
				CLANG_WARN_CONSTANT_CONVERSION = YES;
				CLANG_WARN_DIRECT_OBJC_ISA_USAGE = YES_ERROR;
				CLANG_WARN_EMPTY_BODY = YES;
				CLANG_WARN_ENUM_CONVERSION = YES;
				CLANG_WARN_INT_CONVERSION = YES;
				CLANG_WARN_OBJC_ROOT_CLASS = YES_ERROR;
				CLANG_WARN_UNREACHABLE_CODE = YES;
				CLANG_WARN__DUPLICATE_METHOD_MATCH = YES;
				CODE_SIGN_IDENTITY = "-";
				COPY_PHASE_STRIP = NO;
				DEBUG_INFORMATION_FORMAT = "dwarf-with-dsym";
				ENABLE_NS_ASSERTIONS = NO;
				ENABLE_STRICT_OBJC_MSGSEND = YES;
				GCC_C_LANGUAGE_STANDARD = gnu99;
				GCC_NO_COMMON_BLOCKS = YES;
				GCC_WARN_64_TO_32_BIT_CONVERSION = YES;
				GCC_WARN_ABOUT_RETURN_TYPE = YES_ERROR;
				GCC_WARN_UNDECLARED_SELECTOR = YES;
				GCC_WARN_UNINITIALIZED_AUTOS = YES_AGGRESSIVE;
				GCC_WARN_UNUSED_FUNCTION = YES;
				GCC_WARN_UNUSED_VARIABLE = YES;
				MACOSX_DEPLOYMENT_TARGET = 10.11;
				MTL_ENABLE_DEBUG_INFO = NO;
				SDKROOT = macosx;
			};
			name = Release;
		};
		9C5CF6731C16D96E00C74CCC /* Debug */ = {
			isa = XCBuildConfiguration;
			buildSettings = {
				PRODUCT_NAME = "$(TARGET_NAME)";
			};
			name = Debug;
		};
		9C5CF6741C16D96E00C74CCC /* Release */ = {
			isa = XCBuildConfiguration;
			buildSettings = {
				PRODUCT_NAME = "$(TARGET_NAME)";
			};
			name = Release;
		};
/* End XCBuildConfiguration section */

/* Begin XCConfigurationList section */
		9C5CF6661C16D96D00C74CCC /* Build configuration list for PBXProject "Set Matrix Zeroes" */ = {
			isa = XCConfigurationList;
			buildConfigurations = (
				9C5CF6701C16D96E00C74CCC /* Debug */,
				9C5CF6711C16D96E00C74CCC /* Release */,
			);
			defaultConfigurationIsVisible = 0;
			defaultConfigurationName = Release;
		};
		9C5CF6721C16D96E00C74CCC /* Build configuration list for PBXNativeTarget "Set Matrix Zeroes" */ = {
			isa = XCConfigurationList;
			buildConfigurations = (
				9C5CF6731C16D96E00C74CCC /* Debug */,
				9C5CF6741C16D96E00C74CCC /* Release */,
			);
			defaultConfigurationIsVisible = 0;
		};
/* End XCConfigurationList section */
	};
	rootObject = 9C5CF6631C16D96D00C74CCC /* Project object */;
}
