// !$*UTF8*$!
{
	archiveVersion = 1;
	classes = {
	};
	objectVersion = 46;
	objects = {

/* Begin PBXBuildFile section */
		9CFAF26E1C2B2AE100CB9B33 /* main.cpp in Sources */ = {isa = PBXBuildFile; fileRef = 9CFAF26D1C2B2AE100CB9B33 /* main.cpp */; };
/* End PBXBuildFile section */

/* Begin PBXCopyFilesBuildPhase section */
		9CFAF2681C2B2AE100CB9B33 /* CopyFiles */ = {
			isa = PBXCopyFilesBuildPhase;
			buildActionMask = 2147483647;
			dstPath = /usr/share/man/man1/;
			dstSubfolderSpec = 0;
			files = (
			);
			runOnlyForDeploymentPostprocessing = 1;
		};
/* End PBXCopyFilesBuildPhase section */

/* Begin PBXFileReference section */
		9CFAF26A1C2B2AE100CB9B33 /* Minimum Path Sum */ = {isa = PBXFileReference; explicitFileType = "compiled.mach-o.executable"; includeInIndex = 0; path = "Minimum Path Sum"; sourceTree = BUILT_PRODUCTS_DIR; };
		9CFAF26D1C2B2AE100CB9B33 /* main.cpp */ = {isa = PBXFileReference; lastKnownFileType = sourcecode.cpp.cpp; path = main.cpp; sourceTree = "<group>"; };
/* End PBXFileReference section */

/* Begin PBXFrameworksBuildPhase section */
		9CFAF2671C2B2AE100CB9B33 /* Frameworks */ = {
			isa = PBXFrameworksBuildPhase;
			buildActionMask = 2147483647;
			files = (
			);
			runOnlyForDeploymentPostprocessing = 0;
		};
/* End PBXFrameworksBuildPhase section */

/* Begin PBXGroup section */
		9CFAF2611C2B2AE100CB9B33 = {
			isa = PBXGroup;
			children = (
				9CFAF26C1C2B2AE100CB9B33 /* Minimum Path Sum */,
				9CFAF26B1C2B2AE100CB9B33 /* Products */,
			);
			sourceTree = "<group>";
		};
		9CFAF26B1C2B2AE100CB9B33 /* Products */ = {
			isa = PBXGroup;
			children = (
				9CFAF26A1C2B2AE100CB9B33 /* Minimum Path Sum */,
			);
			name = Products;
			sourceTree = "<group>";
		};
		9CFAF26C1C2B2AE100CB9B33 /* Minimum Path Sum */ = {
			isa = PBXGroup;
			children = (
				9CFAF26D1C2B2AE100CB9B33 /* main.cpp */,
			);
			path = "Minimum Path Sum";
			sourceTree = "<group>";
		};
/* End PBXGroup section */

/* Begin PBXNativeTarget section */
		9CFAF2691C2B2AE100CB9B33 /* Minimum Path Sum */ = {
			isa = PBXNativeTarget;
			buildConfigurationList = 9CFAF2711C2B2AE100CB9B33 /* Build configuration list for PBXNativeTarget "Minimum Path Sum" */;
			buildPhases = (
				9CFAF2661C2B2AE100CB9B33 /* Sources */,
				9CFAF2671C2B2AE100CB9B33 /* Frameworks */,
				9CFAF2681C2B2AE100CB9B33 /* CopyFiles */,
			);
			buildRules = (
			);
			dependencies = (
			);
			name = "Minimum Path Sum";
			productName = "Minimum Path Sum";
			productReference = 9CFAF26A1C2B2AE100CB9B33 /* Minimum Path Sum */;
			productType = "com.apple.product-type.tool";
		};
/* End PBXNativeTarget section */

/* Begin PBXProject section */
		9CFAF2621C2B2AE100CB9B33 /* Project object */ = {
			isa = PBXProject;
			attributes = {
				LastUpgradeCheck = 0720;
				ORGANIZATIONNAME = "Rencheng Tan";
				TargetAttributes = {
					9CFAF2691C2B2AE100CB9B33 = {
						CreatedOnToolsVersion = 7.2;
					};
				};
			};
			buildConfigurationList = 9CFAF2651C2B2AE100CB9B33 /* Build configuration list for PBXProject "Minimum Path Sum" */;
			compatibilityVersion = "Xcode 3.2";
			developmentRegion = English;
			hasScannedForEncodings = 0;
			knownRegions = (
				en,
			);
			mainGroup = 9CFAF2611C2B2AE100CB9B33;
			productRefGroup = 9CFAF26B1C2B2AE100CB9B33 /* Products */;
			projectDirPath = "";
			projectRoot = "";
			targets = (
				9CFAF2691C2B2AE100CB9B33 /* Minimum Path Sum */,
			);
		};
/* End PBXProject section */

/* Begin PBXSourcesBuildPhase section */
		9CFAF2661C2B2AE100CB9B33 /* Sources */ = {
			isa = PBXSourcesBuildPhase;
			buildActionMask = 2147483647;
			files = (
				9CFAF26E1C2B2AE100CB9B33 /* main.cpp in Sources */,
			);
			runOnlyForDeploymentPostprocessing = 0;
		};
/* End PBXSourcesBuildPhase section */

/* Begin XCBuildConfiguration section */
		9CFAF26F1C2B2AE100CB9B33 /* Debug */ = {
			isa = XCBuildConfiguration;
			buildSettings = {
				ALWAYS_SEARCH_USER_PATHS = NO;
				CLANG_CXX_LANGUAGE_STANDARD = "gnu++0x";
				CLANG_CXX_LIBRARY = "libc++";
				CLANG_ENABLE_MODULES = YES;
				CLANG_ENABLE_OBJC_ARC = YES;
				CLANG_WARN_BOOL_CONVERSION = YES;
				CLANG_WARN_CONSTANT_CONVERSION = YES;
				CLANG_WARN_DIRECT_OBJC_ISA_USAGE = YES_ERROR;
				CLANG_WARN_EMPTY_BODY = YES;
				CLANG_WARN_ENUM_CONVERSION = YES;
				CLANG_WARN_INT_CONVERSION = YES;
				CLANG_WARN_OBJC_ROOT_CLASS = YES_ERROR;
				CLANG_WARN_UNREACHABLE_CODE = YES;
				CLANG_WARN__DUPLICATE_METHOD_MATCH = YES;
				CODE_SIGN_IDENTITY = "-";
				COPY_PHASE_STRIP = NO;
				DEBUG_INFORMATION_FORMAT = dwarf;
				ENABLE_STRICT_OBJC_MSGSEND = YES;
				ENABLE_TESTABILITY = YES;
				GCC_C_LANGUAGE_STANDARD = gnu99;
				GCC_DYNAMIC_NO_PIC = NO;
				GCC_NO_COMMON_BLOCKS = YES;
				GCC_OPTIMIZATION_LEVEL = 0;
				GCC_PREPROCESSOR_DEFINITIONS = (
					"DEBUG=1",
					"$(inherited)",
				);
				GCC_WARN_64_TO_32_BIT_CONVERSION = YES;
				GCC_WARN_ABOUT_RETURN_TYPE = YES_ERROR;
				GCC_WARN_UNDECLARED_SELECTOR = YES;
				GCC_WARN_UNINITIALIZED_AUTOS = YES_AGGRESSIVE;
				GCC_WARN_UNUSED_FUNCTION = YES;
				GCC_WARN_UNUSED_VARIABLE = YES;
				MACOSX_DEPLOYMENT_TARGET = 10.11;
				MTL_ENABLE_DEBUG_INFO = YES;
				ONLY_ACTIVE_ARCH = YES;
				SDKROOT = macosx;
			};
			name = Debug;
		};
		9CFAF2701C2B2AE100CB9B33 /* Release */ = {
			isa = XCBuildConfiguration;
			buildSettings = {
				ALWAYS_SEARCH_USER_PATHS = NO;
				CLANG_CXX_LANGUAGE_STANDARD = "gnu++0x";
				CLANG_CXX_LIBRARY = "libc++";
				CLANG_ENABLE_MODULES = YES;
				CLANG_ENABLE_OBJC_ARC = YES;
				CLANG_WARN_BOOL_CONVERSION = YES;
				CLANG_WARN_CONSTANT_CONVERSION = YES;
				CLANG_WARN_DIRECT_OBJC_ISA_USAGE = YES_ERROR;
				CLANG_WARN_EMPTY_BODY = YES;
				CLANG_WARN_ENUM_CONVERSION = YES;
				CLANG_WARN_INT_CONVERSION = YES;
				CLANG_WARN_OBJC_ROOT_CLASS = YES_ERROR;
				CLANG_WARN_UNREACHABLE_CODE = YES;
				CLANG_WARN__DUPLICATE_METHOD_MATCH = YES;
				CODE_SIGN_IDENTITY = "-";
				COPY_PHASE_STRIP = NO;
				DEBUG_INFORMATION_FORMAT = "dwarf-with-dsym";
				ENABLE_NS_ASSERTIONS = NO;
				ENABLE_STRICT_OBJC_MSGSEND = YES;
				GCC_C_LANGUAGE_STANDARD = gnu99;
				GCC_NO_COMMON_BLOCKS = YES;
				GCC_WARN_64_TO_32_BIT_CONVERSION = YES;
				GCC_WARN_ABOUT_RETURN_TYPE = YES_ERROR;
				GCC_WARN_UNDECLARED_SELECTOR = YES;
				GCC_WARN_UNINITIALIZED_AUTOS = YES_AGGRESSIVE;
				GCC_WARN_UNUSED_FUNCTION = YES;
				GCC_WARN_UNUSED_VARIABLE = YES;
				MACOSX_DEPLOYMENT_TARGET = 10.11;
				MTL_ENABLE_DEBUG_INFO = NO;
				SDKROOT = macosx;
			};
			name = Release;
		};
		9CFAF2721C2B2AE100CB9B33 /* Debug */ = {
			isa = XCBuildConfiguration;
			buildSettings = {
				PRODUCT_NAME = "$(TARGET_NAME)";
			};
			name = Debug;
		};
		9CFAF2731C2B2AE100CB9B33 /* Release */ = {
			isa = XCBuildConfiguration;
			buildSettings = {
				PRODUCT_NAME = "$(TARGET_NAME)";
			};
			name = Release;
		};
/* End XCBuildConfiguration section */

/* Begin XCConfigurationList section */
		9CFAF2651C2B2AE100CB9B33 /* Build configuration list for PBXProject "Minimum Path Sum" */ = {
			isa = XCConfigurationList;
			buildConfigurations = (
				9CFAF26F1C2B2AE100CB9B33 /* Debug */,
				9CFAF2701C2B2AE100CB9B33 /* Release */,
			);
			defaultConfigurationIsVisible = 0;
			defaultConfigurationName = Release;
		};
		9CFAF2711C2B2AE100CB9B33 /* Build configuration list for PBXNativeTarget "Minimum Path Sum" */ = {
			isa = XCConfigurationList;
			buildConfigurations = (
				9CFAF2721C2B2AE100CB9B33 /* Debug */,
				9CFAF2731C2B2AE100CB9B33 /* Release */,
			);
			defaultConfigurationIsVisible = 0;
		};
/* End XCConfigurationList section */
	};
	rootObject = 9CFAF2621C2B2AE100CB9B33 /* Project object */;
}
