// !$*UTF8*$!
{
	archiveVersion = 1;
	classes = {
	};
	objectVersion = 46;
	objects = {

/* Begin PBXBuildFile section */
		9C74436D1CB77A7000ADF41C /* main.cpp in Sources */ = {isa = PBXBuildFile; fileRef = 9C74436C1CB77A7000ADF41C /* main.cpp */; };
		9C7443751CB77AE000ADF41C /* LongInt.cpp in Sources */ = {isa = PBXBuildFile; fileRef = 9C7443741CB77AE000ADF41C /* LongInt.cpp */; };
/* End PBXBuildFile section */

/* Begin PBXCopyFilesBuildPhase section */
		9C7443671CB77A7000ADF41C /* CopyFiles */ = {
			isa = PBXCopyFilesBuildPhase;
			buildActionMask = 2147483647;
			dstPath = /usr/share/man/man1/;
			dstSubfolderSpec = 0;
			files = (
			);
			runOnlyForDeploymentPostprocessing = 1;
		};
/* End PBXCopyFilesBuildPhase section */

/* Begin PBXFileReference section */
		9C7443691CB77A7000ADF41C /* 60p1 */ = {isa = PBXFileReference; explicitFileType = "compiled.mach-o.executable"; includeInIndex = 0; path = 60p1; sourceTree = BUILT_PRODUCTS_DIR; };
		9C74436C1CB77A7000ADF41C /* main.cpp */ = {isa = PBXFileReference; lastKnownFileType = sourcecode.cpp.cpp; path = main.cpp; sourceTree = "<group>"; };
		9C7443731CB77AA000ADF41C /* LongInt.h */ = {isa = PBXFileReference; lastKnownFileType = sourcecode.c.h; path = LongInt.h; sourceTree = "<group>"; };
		9C7443741CB77AE000ADF41C /* LongInt.cpp */ = {isa = PBXFileReference; fileEncoding = 4; lastKnownFileType = sourcecode.cpp.cpp; path = LongInt.cpp; sourceTree = "<group>"; };
		9C7443761CB77B3400ADF41C /* StackLi.cpp */ = {isa = PBXFileReference; fileEncoding = 4; lastKnownFileType = sourcecode.cpp.cpp; path = StackLi.cpp; sourceTree = "<group>"; };
		9C7443771CB77B3400ADF41C /* StackLi.h */ = {isa = PBXFileReference; fileEncoding = 4; lastKnownFileType = sourcecode.c.h; path = StackLi.h; sourceTree = "<group>"; };
		9C7443791CB77B6F00ADF41C /* dsexceptions.h */ = {isa = PBXFileReference; lastKnownFileType = sourcecode.c.h; path = dsexceptions.h; sourceTree = "<group>"; };
/* End PBXFileReference section */

/* Begin PBXFrameworksBuildPhase section */
		9C7443661CB77A7000ADF41C /* Frameworks */ = {
			isa = PBXFrameworksBuildPhase;
			buildActionMask = 2147483647;
			files = (
			);
			runOnlyForDeploymentPostprocessing = 0;
		};
/* End PBXFrameworksBuildPhase section */

/* Begin PBXGroup section */
		9C7443601CB77A7000ADF41C = {
			isa = PBXGroup;
			children = (
				9C74436B1CB77A7000ADF41C /* 60p1 */,
				9C74436A1CB77A7000ADF41C /* Products */,
			);
			sourceTree = "<group>";
		};
		9C74436A1CB77A7000ADF41C /* Products */ = {
			isa = PBXGroup;
			children = (
				9C7443691CB77A7000ADF41C /* 60p1 */,
			);
			name = Products;
			sourceTree = "<group>";
		};
		9C74436B1CB77A7000ADF41C /* 60p1 */ = {
			isa = PBXGroup;
			children = (
				9C74436C1CB77A7000ADF41C /* main.cpp */,
				9C7443731CB77AA000ADF41C /* LongInt.h */,
				9C7443741CB77AE000ADF41C /* LongInt.cpp */,
				9C7443771CB77B3400ADF41C /* StackLi.h */,
				9C7443761CB77B3400ADF41C /* StackLi.cpp */,
				9C7443791CB77B6F00ADF41C /* dsexceptions.h */,
			);
			path = 60p1;
			sourceTree = "<group>";
		};
/* End PBXGroup section */

/* Begin PBXNativeTarget section */
		9C7443681CB77A7000ADF41C /* 60p1 */ = {
			isa = PBXNativeTarget;
			buildConfigurationList = 9C7443701CB77A7000ADF41C /* Build configuration list for PBXNativeTarget "60p1" */;
			buildPhases = (
				9C7443651CB77A7000ADF41C /* Sources */,
				9C7443661CB77A7000ADF41C /* Frameworks */,
				9C7443671CB77A7000ADF41C /* CopyFiles */,
			);
			buildRules = (
			);
			dependencies = (
			);
			name = 60p1;
			productName = 60p1;
			productReference = 9C7443691CB77A7000ADF41C /* 60p1 */;
			productType = "com.apple.product-type.tool";
		};
/* End PBXNativeTarget section */

/* Begin PBXProject section */
		9C7443611CB77A7000ADF41C /* Project object */ = {
			isa = PBXProject;
			attributes = {
				LastUpgradeCheck = 0730;
				ORGANIZATIONNAME = "Rencheng Tan";
				TargetAttributes = {
					9C7443681CB77A7000ADF41C = {
						CreatedOnToolsVersion = 7.3;
					};
				};
			};
			buildConfigurationList = 9C7443641CB77A7000ADF41C /* Build configuration list for PBXProject "60p1" */;
			compatibilityVersion = "Xcode 3.2";
			developmentRegion = English;
			hasScannedForEncodings = 0;
			knownRegions = (
				en,
			);
			mainGroup = 9C7443601CB77A7000ADF41C;
			productRefGroup = 9C74436A1CB77A7000ADF41C /* Products */;
			projectDirPath = "";
			projectRoot = "";
			targets = (
				9C7443681CB77A7000ADF41C /* 60p1 */,
			);
		};
/* End PBXProject section */

/* Begin PBXSourcesBuildPhase section */
		9C7443651CB77A7000ADF41C /* Sources */ = {
			isa = PBXSourcesBuildPhase;
			buildActionMask = 2147483647;
			files = (
				9C74436D1CB77A7000ADF41C /* main.cpp in Sources */,
				9C7443751CB77AE000ADF41C /* LongInt.cpp in Sources */,
			);
			runOnlyForDeploymentPostprocessing = 0;
		};
/* End PBXSourcesBuildPhase section */

/* Begin XCBuildConfiguration section */
		9C74436E1CB77A7000ADF41C /* Debug */ = {
			isa = XCBuildConfiguration;
			buildSettings = {
				ALWAYS_SEARCH_USER_PATHS = NO;
				CLANG_ANALYZER_NONNULL = YES;
				CLANG_CXX_LANGUAGE_STANDARD = "gnu++0x";
				CLANG_CXX_LIBRARY = "libc++";
				CLANG_ENABLE_MODULES = YES;
				CLANG_ENABLE_OBJC_ARC = YES;
				CLANG_WARN_BOOL_CONVERSION = YES;
				CLANG_WARN_CONSTANT_CONVERSION = YES;
				CLANG_WARN_DIRECT_OBJC_ISA_USAGE = YES_ERROR;
				CLANG_WARN_EMPTY_BODY = YES;
				CLANG_WARN_ENUM_CONVERSION = YES;
				CLANG_WARN_INT_CONVERSION = YES;
				CLANG_WARN_OBJC_ROOT_CLASS = YES_ERROR;
				CLANG_WARN_UNREACHABLE_CODE = YES;
				CLANG_WARN__DUPLICATE_METHOD_MATCH = YES;
				CODE_SIGN_IDENTITY = "-";
				COPY_PHASE_STRIP = NO;
				DEBUG_INFORMATION_FORMAT = dwarf;
				ENABLE_STRICT_OBJC_MSGSEND = YES;
				ENABLE_TESTABILITY = YES;
				GCC_C_LANGUAGE_STANDARD = gnu99;
				GCC_DYNAMIC_NO_PIC = NO;
				GCC_NO_COMMON_BLOCKS = YES;
				GCC_OPTIMIZATION_LEVEL = 0;
				GCC_PREPROCESSOR_DEFINITIONS = (
					"DEBUG=1",
					"$(inherited)",
				);
				GCC_WARN_64_TO_32_BIT_CONVERSION = YES;
				GCC_WARN_ABOUT_RETURN_TYPE = YES_ERROR;
				GCC_WARN_UNDECLARED_SELECTOR = YES;
				GCC_WARN_UNINITIALIZED_AUTOS = YES_AGGRESSIVE;
				GCC_WARN_UNUSED_FUNCTION = YES;
				GCC_WARN_UNUSED_VARIABLE = YES;
				MACOSX_DEPLOYMENT_TARGET = 10.11;
				MTL_ENABLE_DEBUG_INFO = YES;
				ONLY_ACTIVE_ARCH = YES;
				SDKROOT = macosx;
			};
			name = Debug;
		};
		9C74436F1CB77A7000ADF41C /* Release */ = {
			isa = XCBuildConfiguration;
			buildSettings = {
				ALWAYS_SEARCH_USER_PATHS = NO;
				CLANG_ANALYZER_NONNULL = YES;
				CLANG_CXX_LANGUAGE_STANDARD = "gnu++0x";
				CLANG_CXX_LIBRARY = "libc++";
				CLANG_ENABLE_MODULES = YES;
				CLANG_ENABLE_OBJC_ARC = YES;
				CLANG_WARN_BOOL_CONVERSION = YES;
				CLANG_WARN_CONSTANT_CONVERSION = YES;
				CLANG_WARN_DIRECT_OBJC_ISA_USAGE = YES_ERROR;
				CLANG_WARN_EMPTY_BODY = YES;
				CLANG_WARN_ENUM_CONVERSION = YES;
				CLANG_WARN_INT_CONVERSION = YES;
				CLANG_WARN_OBJC_ROOT_CLASS = YES_ERROR;
				CLANG_WARN_UNREACHABLE_CODE = YES;
				CLANG_WARN__DUPLICATE_METHOD_MATCH = YES;
				CODE_SIGN_IDENTITY = "-";
				COPY_PHASE_STRIP = NO;
				DEBUG_INFORMATION_FORMAT = "dwarf-with-dsym";
				ENABLE_NS_ASSERTIONS = NO;
				ENABLE_STRICT_OBJC_MSGSEND = YES;
				GCC_C_LANGUAGE_STANDARD = gnu99;
				GCC_NO_COMMON_BLOCKS = YES;
				GCC_WARN_64_TO_32_BIT_CONVERSION = YES;
				GCC_WARN_ABOUT_RETURN_TYPE = YES_ERROR;
				GCC_WARN_UNDECLARED_SELECTOR = YES;
				GCC_WARN_UNINITIALIZED_AUTOS = YES_AGGRESSIVE;
				GCC_WARN_UNUSED_FUNCTION = YES;
				GCC_WARN_UNUSED_VARIABLE = YES;
				MACOSX_DEPLOYMENT_TARGET = 10.11;
				MTL_ENABLE_DEBUG_INFO = NO;
				SDKROOT = macosx;
			};
			name = Release;
		};
		9C7443711CB77A7000ADF41C /* Debug */ = {
			isa = XCBuildConfiguration;
			buildSettings = {
				PRODUCT_NAME = "$(TARGET_NAME)";
			};
			name = Debug;
		};
		9C7443721CB77A7000ADF41C /* Release */ = {
			isa = XCBuildConfiguration;
			buildSettings = {
				PRODUCT_NAME = "$(TARGET_NAME)";
			};
			name = Release;
		};
/* End XCBuildConfiguration section */

/* Begin XCConfigurationList section */
		9C7443641CB77A7000ADF41C /* Build configuration list for PBXProject "60p1" */ = {
			isa = XCConfigurationList;
			buildConfigurations = (
				9C74436E1CB77A7000ADF41C /* Debug */,
				9C74436F1CB77A7000ADF41C /* Release */,
			);
			defaultConfigurationIsVisible = 0;
			defaultConfigurationName = Release;
		};
		9C7443701CB77A7000ADF41C /* Build configuration list for PBXNativeTarget "60p1" */ = {
			isa = XCConfigurationList;
			buildConfigurations = (
				9C7443711CB77A7000ADF41C /* Debug */,
				9C7443721CB77A7000ADF41C /* Release */,
			);
			defaultConfigurationIsVisible = 0;
		};
/* End XCConfigurationList section */
	};
	rootObject = 9C7443611CB77A7000ADF41C /* Project object */;
}
