// !$*UTF8*$!
{
	archiveVersion = 1;
	classes = {
	};
	objectVersion = 46;
	objects = {

/* Begin PBXBuildFile section */
		9CB73B841C7D169800D34564 /* data.cpp in Sources */ = {isa = PBXBuildFile; fileRef = 9CB73B711C7D169800D34564 /* data.cpp */; };
		9CB73B851C7D169800D34564 /* decoder.cpp in Sources */ = {isa = PBXBuildFile; fileRef = 9CB73B731C7D169800D34564 /* decoder.cpp */; };
		9CB73B861C7D169800D34564 /* instruction.cpp in Sources */ = {isa = PBXBuildFile; fileRef = 9CB73B751C7D169800D34564 /* instruction.cpp */; };
		9CB73B871C7D169800D34564 /* instruction2.cpp in Sources */ = {isa = PBXBuildFile; fileRef = 9CB73B771C7D169800D34564 /* instruction2.cpp */; };
		9CB73B881C7D169800D34564 /* labels.cpp in Sources */ = {isa = PBXBuildFile; fileRef = 9CB73B791C7D169800D34564 /* labels.cpp */; };
		9CB73B891C7D169800D34564 /* main.cpp in Sources */ = {isa = PBXBuildFile; fileRef = 9CB73B7B1C7D169800D34564 /* main.cpp */; };
		9CB73B8A1C7D169800D34564 /* memory.cpp in Sources */ = {isa = PBXBuildFile; fileRef = 9CB73B7C1C7D169800D34564 /* memory.cpp */; };
		9CB73B8B1C7D169800D34564 /* registers.cpp in Sources */ = {isa = PBXBuildFile; fileRef = 9CB73B7E1C7D169800D34564 /* registers.cpp */; };
		9CB73B8E1C7D169800D34564 /* word.cpp in Sources */ = {isa = PBXBuildFile; fileRef = 9CB73B821C7D169800D34564 /* word.cpp */; };
/* End PBXBuildFile section */

/* Begin PBXCopyFilesBuildPhase section */
		9CB73B0B1C7D112D00D34564 /* CopyFiles */ = {
			isa = PBXCopyFilesBuildPhase;
			buildActionMask = 2147483647;
			dstPath = /usr/share/man/man1/;
			dstSubfolderSpec = 0;
			files = (
			);
			runOnlyForDeploymentPostprocessing = 1;
		};
/* End PBXCopyFilesBuildPhase section */

/* Begin PBXFileReference section */
		9CB73B0D1C7D112D00D34564 /* p5 */ = {isa = PBXFileReference; explicitFileType = "compiled.mach-o.executable"; includeInIndex = 0; path = p5; sourceTree = BUILT_PRODUCTS_DIR; };
		9CB73B711C7D169800D34564 /* data.cpp */ = {isa = PBXFileReference; fileEncoding = 4; lastKnownFileType = sourcecode.cpp.cpp; name = data.cpp; path = ../../../../../Downloads/p5/data.cpp; sourceTree = "<group>"; };
		9CB73B721C7D169800D34564 /* data.h */ = {isa = PBXFileReference; fileEncoding = 4; lastKnownFileType = sourcecode.c.h; name = data.h; path = ../../../../../Downloads/p5/data.h; sourceTree = "<group>"; };
		9CB73B731C7D169800D34564 /* decoder.cpp */ = {isa = PBXFileReference; fileEncoding = 4; lastKnownFileType = sourcecode.cpp.cpp; name = decoder.cpp; path = ../../../../../Downloads/p5/decoder.cpp; sourceTree = "<group>"; };
		9CB73B741C7D169800D34564 /* decoder.h */ = {isa = PBXFileReference; fileEncoding = 4; lastKnownFileType = sourcecode.c.h; name = decoder.h; path = ../../../../../Downloads/p5/decoder.h; sourceTree = "<group>"; };
		9CB73B751C7D169800D34564 /* instruction.cpp */ = {isa = PBXFileReference; fileEncoding = 4; lastKnownFileType = sourcecode.cpp.cpp; name = instruction.cpp; path = ../../../../../Downloads/p5/instruction.cpp; sourceTree = "<group>"; };
		9CB73B761C7D169800D34564 /* instruction.h */ = {isa = PBXFileReference; fileEncoding = 4; lastKnownFileType = sourcecode.c.h; name = instruction.h; path = ../../../../../Downloads/p5/instruction.h; sourceTree = "<group>"; };
		9CB73B771C7D169800D34564 /* instruction2.cpp */ = {isa = PBXFileReference; fileEncoding = 4; lastKnownFileType = sourcecode.cpp.cpp; name = instruction2.cpp; path = ../../../../../Downloads/p5/instruction2.cpp; sourceTree = "<group>"; };
		9CB73B781C7D169800D34564 /* instruction2.h */ = {isa = PBXFileReference; fileEncoding = 4; lastKnownFileType = sourcecode.c.h; name = instruction2.h; path = ../../../../../Downloads/p5/instruction2.h; sourceTree = "<group>"; };
		9CB73B791C7D169800D34564 /* labels.cpp */ = {isa = PBXFileReference; fileEncoding = 4; lastKnownFileType = sourcecode.cpp.cpp; name = labels.cpp; path = ../../../../../Downloads/p5/labels.cpp; sourceTree = "<group>"; };
		9CB73B7A1C7D169800D34564 /* labels.h */ = {isa = PBXFileReference; fileEncoding = 4; lastKnownFileType = sourcecode.c.h; name = labels.h; path = ../../../../../Downloads/p5/labels.h; sourceTree = "<group>"; };
		9CB73B7B1C7D169800D34564 /* main.cpp */ = {isa = PBXFileReference; fileEncoding = 4; lastKnownFileType = sourcecode.cpp.cpp; name = main.cpp; path = ../../../../../Downloads/p5/main.cpp; sourceTree = "<group>"; };
		9CB73B7C1C7D169800D34564 /* memory.cpp */ = {isa = PBXFileReference; fileEncoding = 4; lastKnownFileType = sourcecode.cpp.cpp; name = memory.cpp; path = ../../../../../Downloads/p5/memory.cpp; sourceTree = "<group>"; };
		9CB73B7D1C7D169800D34564 /* memory.h */ = {isa = PBXFileReference; fileEncoding = 4; lastKnownFileType = sourcecode.c.h; name = memory.h; path = ../../../../../Downloads/p5/memory.h; sourceTree = "<group>"; };
		9CB73B7E1C7D169800D34564 /* registers.cpp */ = {isa = PBXFileReference; fileEncoding = 4; lastKnownFileType = sourcecode.cpp.cpp; name = registers.cpp; path = ../../../../../Downloads/p5/registers.cpp; sourceTree = "<group>"; };
		9CB73B7F1C7D169800D34564 /* registers.h */ = {isa = PBXFileReference; fileEncoding = 4; lastKnownFileType = sourcecode.c.h; name = registers.h; path = ../../../../../Downloads/p5/registers.h; sourceTree = "<group>"; };
		9CB73B801C7D169800D34564 /* test7.s */ = {isa = PBXFileReference; fileEncoding = 4; lastKnownFileType = sourcecode.asm; name = test7.s; path = ../../../../../Downloads/p5/test7.s; sourceTree = "<group>"; };
		9CB73B811C7D169800D34564 /* test8.s */ = {isa = PBXFileReference; fileEncoding = 4; lastKnownFileType = sourcecode.asm; name = test8.s; path = ../../../../../Downloads/p5/test8.s; sourceTree = "<group>"; };
		9CB73B821C7D169800D34564 /* word.cpp */ = {isa = PBXFileReference; fileEncoding = 4; lastKnownFileType = sourcecode.cpp.cpp; name = word.cpp; path = ../../../../../Downloads/p5/word.cpp; sourceTree = "<group>"; };
		9CB73B831C7D169800D34564 /* word.h */ = {isa = PBXFileReference; fileEncoding = 4; lastKnownFileType = sourcecode.c.h; name = word.h; path = ../../../../../Downloads/p5/word.h; sourceTree = "<group>"; };
/* End PBXFileReference section */

/* Begin PBXFrameworksBuildPhase section */
		9CB73B0A1C7D112D00D34564 /* Frameworks */ = {
			isa = PBXFrameworksBuildPhase;
			buildActionMask = 2147483647;
			files = (
			);
			runOnlyForDeploymentPostprocessing = 0;
		};
/* End PBXFrameworksBuildPhase section */

/* Begin PBXGroup section */
		9CB73B041C7D112D00D34564 = {
			isa = PBXGroup;
			children = (
				9CB73B711C7D169800D34564 /* data.cpp */,
				9CB73B721C7D169800D34564 /* data.h */,
				9CB73B731C7D169800D34564 /* decoder.cpp */,
				9CB73B741C7D169800D34564 /* decoder.h */,
				9CB73B751C7D169800D34564 /* instruction.cpp */,
				9CB73B761C7D169800D34564 /* instruction.h */,
				9CB73B771C7D169800D34564 /* instruction2.cpp */,
				9CB73B781C7D169800D34564 /* instruction2.h */,
				9CB73B791C7D169800D34564 /* labels.cpp */,
				9CB73B7A1C7D169800D34564 /* labels.h */,
				9CB73B7B1C7D169800D34564 /* main.cpp */,
				9CB73B7C1C7D169800D34564 /* memory.cpp */,
				9CB73B7D1C7D169800D34564 /* memory.h */,
				9CB73B7E1C7D169800D34564 /* registers.cpp */,
				9CB73B7F1C7D169800D34564 /* registers.h */,
				9CB73B801C7D169800D34564 /* test7.s */,
				9CB73B811C7D169800D34564 /* test8.s */,
				9CB73B821C7D169800D34564 /* word.cpp */,
				9CB73B831C7D169800D34564 /* word.h */,
				9CB73B0F1C7D112D00D34564 /* p5 */,
				9CB73B0E1C7D112D00D34564 /* Products */,
			);
			sourceTree = "<group>";
		};
		9CB73B0E1C7D112D00D34564 /* Products */ = {
			isa = PBXGroup;
			children = (
				9CB73B0D1C7D112D00D34564 /* p5 */,
			);
			name = Products;
			sourceTree = "<group>";
		};
		9CB73B0F1C7D112D00D34564 /* p5 */ = {
			isa = PBXGroup;
			children = (
			);
			path = p5;
			sourceTree = "<group>";
		};
/* End PBXGroup section */

/* Begin PBXNativeTarget section */
		9CB73B0C1C7D112D00D34564 /* p5 */ = {
			isa = PBXNativeTarget;
			buildConfigurationList = 9CB73B141C7D112D00D34564 /* Build configuration list for PBXNativeTarget "p5" */;
			buildPhases = (
				9CB73B091C7D112D00D34564 /* Sources */,
				9CB73B0A1C7D112D00D34564 /* Frameworks */,
				9CB73B0B1C7D112D00D34564 /* CopyFiles */,
			);
			buildRules = (
			);
			dependencies = (
			);
			name = p5;
			productName = p5;
			productReference = 9CB73B0D1C7D112D00D34564 /* p5 */;
			productType = "com.apple.product-type.tool";
		};
/* End PBXNativeTarget section */

/* Begin PBXProject section */
		9CB73B051C7D112D00D34564 /* Project object */ = {
			isa = PBXProject;
			attributes = {
				LastUpgradeCheck = 0720;
				ORGANIZATIONNAME = "Rencheng Tan";
				TargetAttributes = {
					9CB73B0C1C7D112D00D34564 = {
						CreatedOnToolsVersion = 7.2.1;
					};
				};
			};
			buildConfigurationList = 9CB73B081C7D112D00D34564 /* Build configuration list for PBXProject "p5" */;
			compatibilityVersion = "Xcode 3.2";
			developmentRegion = English;
			hasScannedForEncodings = 0;
			knownRegions = (
				en,
			);
			mainGroup = 9CB73B041C7D112D00D34564;
			productRefGroup = 9CB73B0E1C7D112D00D34564 /* Products */;
			projectDirPath = "";
			projectRoot = "";
			targets = (
				9CB73B0C1C7D112D00D34564 /* p5 */,
			);
		};
/* End PBXProject section */

/* Begin PBXSourcesBuildPhase section */
		9CB73B091C7D112D00D34564 /* Sources */ = {
			isa = PBXSourcesBuildPhase;
			buildActionMask = 2147483647;
			files = (
				9CB73B861C7D169800D34564 /* instruction.cpp in Sources */,
				9CB73B871C7D169800D34564 /* instruction2.cpp in Sources */,
				9CB73B891C7D169800D34564 /* main.cpp in Sources */,
				9CB73B881C7D169800D34564 /* labels.cpp in Sources */,
				9CB73B851C7D169800D34564 /* decoder.cpp in Sources */,
				9CB73B8A1C7D169800D34564 /* memory.cpp in Sources */,
				9CB73B8E1C7D169800D34564 /* word.cpp in Sources */,
				9CB73B8B1C7D169800D34564 /* registers.cpp in Sources */,
				9CB73B841C7D169800D34564 /* data.cpp in Sources */,
			);
			runOnlyForDeploymentPostprocessing = 0;
		};
/* End PBXSourcesBuildPhase section */

/* Begin XCBuildConfiguration section */
		9CB73B121C7D112D00D34564 /* Debug */ = {
			isa = XCBuildConfiguration;
			buildSettings = {
				ALWAYS_SEARCH_USER_PATHS = NO;
				CLANG_CXX_LANGUAGE_STANDARD = "gnu++0x";
				CLANG_CXX_LIBRARY = "libc++";
				CLANG_ENABLE_MODULES = YES;
				CLANG_ENABLE_OBJC_ARC = YES;
				CLANG_WARN_BOOL_CONVERSION = YES;
				CLANG_WARN_CONSTANT_CONVERSION = YES;
				CLANG_WARN_DIRECT_OBJC_ISA_USAGE = YES_ERROR;
				CLANG_WARN_EMPTY_BODY = YES;
				CLANG_WARN_ENUM_CONVERSION = YES;
				CLANG_WARN_INT_CONVERSION = YES;
				CLANG_WARN_OBJC_ROOT_CLASS = YES_ERROR;
				CLANG_WARN_UNREACHABLE_CODE = YES;
				CLANG_WARN__DUPLICATE_METHOD_MATCH = YES;
				CODE_SIGN_IDENTITY = "-";
				COPY_PHASE_STRIP = NO;
				DEBUG_INFORMATION_FORMAT = dwarf;
				ENABLE_STRICT_OBJC_MSGSEND = YES;
				ENABLE_TESTABILITY = YES;
				GCC_C_LANGUAGE_STANDARD = gnu99;
				GCC_DYNAMIC_NO_PIC = NO;
				GCC_NO_COMMON_BLOCKS = YES;
				GCC_OPTIMIZATION_LEVEL = 0;
				GCC_PREPROCESSOR_DEFINITIONS = (
					"DEBUG=1",
					"$(inherited)",
				);
				GCC_WARN_64_TO_32_BIT_CONVERSION = YES;
				GCC_WARN_ABOUT_RETURN_TYPE = YES_ERROR;
				GCC_WARN_UNDECLARED_SELECTOR = YES;
				GCC_WARN_UNINITIALIZED_AUTOS = YES_AGGRESSIVE;
				GCC_WARN_UNUSED_FUNCTION = YES;
				GCC_WARN_UNUSED_VARIABLE = YES;
				MACOSX_DEPLOYMENT_TARGET = 10.11;
				MTL_ENABLE_DEBUG_INFO = YES;
				ONLY_ACTIVE_ARCH = YES;
				SDKROOT = macosx;
			};
			name = Debug;
		};
		9CB73B131C7D112D00D34564 /* Release */ = {
			isa = XCBuildConfiguration;
			buildSettings = {
				ALWAYS_SEARCH_USER_PATHS = NO;
				CLANG_CXX_LANGUAGE_STANDARD = "gnu++0x";
				CLANG_CXX_LIBRARY = "libc++";
				CLANG_ENABLE_MODULES = YES;
				CLANG_ENABLE_OBJC_ARC = YES;
				CLANG_WARN_BOOL_CONVERSION = YES;
				CLANG_WARN_CONSTANT_CONVERSION = YES;
				CLANG_WARN_DIRECT_OBJC_ISA_USAGE = YES_ERROR;
				CLANG_WARN_EMPTY_BODY = YES;
				CLANG_WARN_ENUM_CONVERSION = YES;
				CLANG_WARN_INT_CONVERSION = YES;
				CLANG_WARN_OBJC_ROOT_CLASS = YES_ERROR;
				CLANG_WARN_UNREACHABLE_CODE = YES;
				CLANG_WARN__DUPLICATE_METHOD_MATCH = YES;
				CODE_SIGN_IDENTITY = "-";
				COPY_PHASE_STRIP = NO;
				DEBUG_INFORMATION_FORMAT = "dwarf-with-dsym";
				ENABLE_NS_ASSERTIONS = NO;
				ENABLE_STRICT_OBJC_MSGSEND = YES;
				GCC_C_LANGUAGE_STANDARD = gnu99;
				GCC_NO_COMMON_BLOCKS = YES;
				GCC_WARN_64_TO_32_BIT_CONVERSION = YES;
				GCC_WARN_ABOUT_RETURN_TYPE = YES_ERROR;
				GCC_WARN_UNDECLARED_SELECTOR = YES;
				GCC_WARN_UNINITIALIZED_AUTOS = YES_AGGRESSIVE;
				GCC_WARN_UNUSED_FUNCTION = YES;
				GCC_WARN_UNUSED_VARIABLE = YES;
				MACOSX_DEPLOYMENT_TARGET = 10.11;
				MTL_ENABLE_DEBUG_INFO = NO;
				SDKROOT = macosx;
			};
			name = Release;
		};
		9CB73B151C7D112D00D34564 /* Debug */ = {
			isa = XCBuildConfiguration;
			buildSettings = {
				PRODUCT_NAME = "$(TARGET_NAME)";
			};
			name = Debug;
		};
		9CB73B161C7D112D00D34564 /* Release */ = {
			isa = XCBuildConfiguration;
			buildSettings = {
				PRODUCT_NAME = "$(TARGET_NAME)";
			};
			name = Release;
		};
/* End XCBuildConfiguration section */

/* Begin XCConfigurationList section */
		9CB73B081C7D112D00D34564 /* Build configuration list for PBXProject "p5" */ = {
			isa = XCConfigurationList;
			buildConfigurations = (
				9CB73B121C7D112D00D34564 /* Debug */,
				9CB73B131C7D112D00D34564 /* Release */,
			);
			defaultConfigurationIsVisible = 0;
			defaultConfigurationName = Release;
		};
		9CB73B141C7D112D00D34564 /* Build configuration list for PBXNativeTarget "p5" */ = {
			isa = XCConfigurationList;
			buildConfigurations = (
				9CB73B151C7D112D00D34564 /* Debug */,
				9CB73B161C7D112D00D34564 /* Release */,
			);
			defaultConfigurationIsVisible = 0;
		};
/* End XCConfigurationList section */
	};
	rootObject = 9CB73B051C7D112D00D34564 /* Project object */;
}
