// !$*UTF8*$!
{
	archiveVersion = 1;
	classes = {
	};
	objectVersion = 46;
	objects = {

/* Begin PBXBuildFile section */
		9CE97FA31D70E68700E53145 /* AppDelegate.swift in Sources */ = {isa = PBXBuildFile; fileRef = 9CE97FA21D70E68700E53145 /* AppDelegate.swift */; };
		9CE97FA51D70E68700E53145 /* ViewController.swift in Sources */ = {isa = PBXBuildFile; fileRef = 9CE97FA41D70E68700E53145 /* ViewController.swift */; };
		9CE97FA81D70E68700E53145 /* Main.storyboard in Resources */ = {isa = PBXBuildFile; fileRef = 9CE97FA61D70E68700E53145 /* Main.storyboard */; };
		9CE97FAA1D70E68700E53145 /* Assets.xcassets in Resources */ = {isa = PBXBuildFile; fileRef = 9CE97FA91D70E68700E53145 /* Assets.xcassets */; };
		9CE97FAD1D70E68700E53145 /* LaunchScreen.storyboard in Resources */ = {isa = PBXBuildFile; fileRef = 9CE97FAB1D70E68700E53145 /* LaunchScreen.storyboard */; };
		9CE97FB81D70E68800E53145 /* HelloWordTests.swift in Sources */ = {isa = PBXBuildFile; fileRef = 9CE97FB71D70E68800E53145 /* HelloWordTests.swift */; };
		9CE97FC31D70E68800E53145 /* HelloWordUITests.swift in Sources */ = {isa = PBXBuildFile; fileRef = 9CE97FC21D70E68800E53145 /* HelloWordUITests.swift */; };
/* End PBXBuildFile section */

/* Begin PBXContainerItemProxy section */
		9CE97FB41D70E68800E53145 /* PBXContainerItemProxy */ = {
			isa = PBXContainerItemProxy;
			containerPortal = 9CE97F971D70E68700E53145 /* Project object */;
			proxyType = 1;
			remoteGlobalIDString = 9CE97F9E1D70E68700E53145;
			remoteInfo = HelloWord;
		};
		9CE97FBF1D70E68800E53145 /* PBXContainerItemProxy */ = {
			isa = PBXContainerItemProxy;
			containerPortal = 9CE97F971D70E68700E53145 /* Project object */;
			proxyType = 1;
			remoteGlobalIDString = 9CE97F9E1D70E68700E53145;
			remoteInfo = HelloWord;
		};
/* End PBXContainerItemProxy section */

/* Begin PBXFileReference section */
		9CE97F9F1D70E68700E53145 /* HelloWord.app */ = {isa = PBXFileReference; explicitFileType = wrapper.application; includeInIndex = 0; path = HelloWord.app; sourceTree = BUILT_PRODUCTS_DIR; };
		9CE97FA21D70E68700E53145 /* AppDelegate.swift */ = {isa = PBXFileReference; lastKnownFileType = sourcecode.swift; path = AppDelegate.swift; sourceTree = "<group>"; };
		9CE97FA41D70E68700E53145 /* ViewController.swift */ = {isa = PBXFileReference; lastKnownFileType = sourcecode.swift; path = ViewController.swift; sourceTree = "<group>"; };
		9CE97FA71D70E68700E53145 /* Base */ = {isa = PBXFileReference; lastKnownFileType = file.storyboard; name = Base; path = Base.lproj/Main.storyboard; sourceTree = "<group>"; };
		9CE97FA91D70E68700E53145 /* Assets.xcassets */ = {isa = PBXFileReference; lastKnownFileType = folder.assetcatalog; path = Assets.xcassets; sourceTree = "<group>"; };
		9CE97FAC1D70E68700E53145 /* Base */ = {isa = PBXFileReference; lastKnownFileType = file.storyboard; name = Base; path = Base.lproj/LaunchScreen.storyboard; sourceTree = "<group>"; };
		9CE97FAE1D70E68700E53145 /* Info.plist */ = {isa = PBXFileReference; lastKnownFileType = text.plist.xml; path = Info.plist; sourceTree = "<group>"; };
		9CE97FB31D70E68700E53145 /* HelloWordTests.xctest */ = {isa = PBXFileReference; explicitFileType = wrapper.cfbundle; includeInIndex = 0; path = HelloWordTests.xctest; sourceTree = BUILT_PRODUCTS_DIR; };
		9CE97FB71D70E68800E53145 /* HelloWordTests.swift */ = {isa = PBXFileReference; lastKnownFileType = sourcecode.swift; path = HelloWordTests.swift; sourceTree = "<group>"; };
		9CE97FB91D70E68800E53145 /* Info.plist */ = {isa = PBXFileReference; lastKnownFileType = text.plist.xml; path = Info.plist; sourceTree = "<group>"; };
		9CE97FBE1D70E68800E53145 /* HelloWordUITests.xctest */ = {isa = PBXFileReference; explicitFileType = wrapper.cfbundle; includeInIndex = 0; path = HelloWordUITests.xctest; sourceTree = BUILT_PRODUCTS_DIR; };
		9CE97FC21D70E68800E53145 /* HelloWordUITests.swift */ = {isa = PBXFileReference; lastKnownFileType = sourcecode.swift; path = HelloWordUITests.swift; sourceTree = "<group>"; };
		9CE97FC41D70E68800E53145 /* Info.plist */ = {isa = PBXFileReference; lastKnownFileType = text.plist.xml; path = Info.plist; sourceTree = "<group>"; };
/* End PBXFileReference section */

/* Begin PBXFrameworksBuildPhase section */
		9CE97F9C1D70E68700E53145 /* Frameworks */ = {
			isa = PBXFrameworksBuildPhase;
			buildActionMask = 2147483647;
			files = (
			);
			runOnlyForDeploymentPostprocessing = 0;
		};
		9CE97FB01D70E68700E53145 /* Frameworks */ = {
			isa = PBXFrameworksBuildPhase;
			buildActionMask = 2147483647;
			files = (
			);
			runOnlyForDeploymentPostprocessing = 0;
		};
		9CE97FBB1D70E68800E53145 /* Frameworks */ = {
			isa = PBXFrameworksBuildPhase;
			buildActionMask = 2147483647;
			files = (
			);
			runOnlyForDeploymentPostprocessing = 0;
		};
/* End PBXFrameworksBuildPhase section */

/* Begin PBXGroup section */
		9CE97F961D70E68700E53145 = {
			isa = PBXGroup;
			children = (
				9CE97FA11D70E68700E53145 /* HelloWord */,
				9CE97FB61D70E68800E53145 /* HelloWordTests */,
				9CE97FC11D70E68800E53145 /* HelloWordUITests */,
				9CE97FA01D70E68700E53145 /* Products */,
			);
			sourceTree = "<group>";
		};
		9CE97FA01D70E68700E53145 /* Products */ = {
			isa = PBXGroup;
			children = (
				9CE97F9F1D70E68700E53145 /* HelloWord.app */,
				9CE97FB31D70E68700E53145 /* HelloWordTests.xctest */,
				9CE97FBE1D70E68800E53145 /* HelloWordUITests.xctest */,
			);
			name = Products;
			sourceTree = "<group>";
		};
		9CE97FA11D70E68700E53145 /* HelloWord */ = {
			isa = PBXGroup;
			children = (
				9CE97FA21D70E68700E53145 /* AppDelegate.swift */,
				9CE97FA41D70E68700E53145 /* ViewController.swift */,
				9CE97FA61D70E68700E53145 /* Main.storyboard */,
				9CE97FA91D70E68700E53145 /* Assets.xcassets */,
				9CE97FAB1D70E68700E53145 /* LaunchScreen.storyboard */,
				9CE97FAE1D70E68700E53145 /* Info.plist */,
			);
			path = HelloWord;
			sourceTree = "<group>";
		};
		9CE97FB61D70E68800E53145 /* HelloWordTests */ = {
			isa = PBXGroup;
			children = (
				9CE97FB71D70E68800E53145 /* HelloWordTests.swift */,
				9CE97FB91D70E68800E53145 /* Info.plist */,
			);
			path = HelloWordTests;
			sourceTree = "<group>";
		};
		9CE97FC11D70E68800E53145 /* HelloWordUITests */ = {
			isa = PBXGroup;
			children = (
				9CE97FC21D70E68800E53145 /* HelloWordUITests.swift */,
				9CE97FC41D70E68800E53145 /* Info.plist */,
			);
			path = HelloWordUITests;
			sourceTree = "<group>";
		};
/* End PBXGroup section */

/* Begin PBXNativeTarget section */
		9CE97F9E1D70E68700E53145 /* HelloWord */ = {
			isa = PBXNativeTarget;
			buildConfigurationList = 9CE97FC71D70E68800E53145 /* Build configuration list for PBXNativeTarget "HelloWord" */;
			buildPhases = (
				9CE97F9B1D70E68700E53145 /* Sources */,
				9CE97F9C1D70E68700E53145 /* Frameworks */,
				9CE97F9D1D70E68700E53145 /* Resources */,
			);
			buildRules = (
			);
			dependencies = (
			);
			name = HelloWord;
			productName = HelloWord;
			productReference = 9CE97F9F1D70E68700E53145 /* HelloWord.app */;
			productType = "com.apple.product-type.application";
		};
		9CE97FB21D70E68700E53145 /* HelloWordTests */ = {
			isa = PBXNativeTarget;
			buildConfigurationList = 9CE97FCA1D70E68800E53145 /* Build configuration list for PBXNativeTarget "HelloWordTests" */;
			buildPhases = (
				9CE97FAF1D70E68700E53145 /* Sources */,
				9CE97FB01D70E68700E53145 /* Frameworks */,
				9CE97FB11D70E68700E53145 /* Resources */,
			);
			buildRules = (
			);
			dependencies = (
				9CE97FB51D70E68800E53145 /* PBXTargetDependency */,
			);
			name = HelloWordTests;
			productName = HelloWordTests;
			productReference = 9CE97FB31D70E68700E53145 /* HelloWordTests.xctest */;
			productType = "com.apple.product-type.bundle.unit-test";
		};
		9CE97FBD1D70E68800E53145 /* HelloWordUITests */ = {
			isa = PBXNativeTarget;
			buildConfigurationList = 9CE97FCD1D70E68800E53145 /* Build configuration list for PBXNativeTarget "HelloWordUITests" */;
			buildPhases = (
				9CE97FBA1D70E68800E53145 /* Sources */,
				9CE97FBB1D70E68800E53145 /* Frameworks */,
				9CE97FBC1D70E68800E53145 /* Resources */,
			);
			buildRules = (
			);
			dependencies = (
				9CE97FC01D70E68800E53145 /* PBXTargetDependency */,
			);
			name = HelloWordUITests;
			productName = HelloWordUITests;
			productReference = 9CE97FBE1D70E68800E53145 /* HelloWordUITests.xctest */;
			productType = "com.apple.product-type.bundle.ui-testing";
		};
/* End PBXNativeTarget section */

/* Begin PBXProject section */
		9CE97F971D70E68700E53145 /* Project object */ = {
			isa = PBXProject;
			attributes = {
				LastSwiftUpdateCheck = 0730;
				LastUpgradeCheck = 0730;
				ORGANIZATIONNAME = "Rencheng Tan";
				TargetAttributes = {
					9CE97F9E1D70E68700E53145 = {
						CreatedOnToolsVersion = 7.3.1;
					};
					9CE97FB21D70E68700E53145 = {
						CreatedOnToolsVersion = 7.3.1;
						TestTargetID = 9CE97F9E1D70E68700E53145;
					};
					9CE97FBD1D70E68800E53145 = {
						CreatedOnToolsVersion = 7.3.1;
						TestTargetID = 9CE97F9E1D70E68700E53145;
					};
				};
			};
			buildConfigurationList = 9CE97F9A1D70E68700E53145 /* Build configuration list for PBXProject "HelloWord" */;
			compatibilityVersion = "Xcode 3.2";
			developmentRegion = English;
			hasScannedForEncodings = 0;
			knownRegions = (
				en,
				Base,
			);
			mainGroup = 9CE97F961D70E68700E53145;
			productRefGroup = 9CE97FA01D70E68700E53145 /* Products */;
			projectDirPath = "";
			projectRoot = "";
			targets = (
				9CE97F9E1D70E68700E53145 /* HelloWord */,
				9CE97FB21D70E68700E53145 /* HelloWordTests */,
				9CE97FBD1D70E68800E53145 /* HelloWordUITests */,
			);
		};
/* End PBXProject section */

/* Begin PBXResourcesBuildPhase section */
		9CE97F9D1D70E68700E53145 /* Resources */ = {
			isa = PBXResourcesBuildPhase;
			buildActionMask = 2147483647;
			files = (
				9CE97FAD1D70E68700E53145 /* LaunchScreen.storyboard in Resources */,
				9CE97FAA1D70E68700E53145 /* Assets.xcassets in Resources */,
				9CE97FA81D70E68700E53145 /* Main.storyboard in Resources */,
			);
			runOnlyForDeploymentPostprocessing = 0;
		};
		9CE97FB11D70E68700E53145 /* Resources */ = {
			isa = PBXResourcesBuildPhase;
			buildActionMask = 2147483647;
			files = (
			);
			runOnlyForDeploymentPostprocessing = 0;
		};
		9CE97FBC1D70E68800E53145 /* Resources */ = {
			isa = PBXResourcesBuildPhase;
			buildActionMask = 2147483647;
			files = (
			);
			runOnlyForDeploymentPostprocessing = 0;
		};
/* End PBXResourcesBuildPhase section */

/* Begin PBXSourcesBuildPhase section */
		9CE97F9B1D70E68700E53145 /* Sources */ = {
			isa = PBXSourcesBuildPhase;
			buildActionMask = 2147483647;
			files = (
				9CE97FA51D70E68700E53145 /* ViewController.swift in Sources */,
				9CE97FA31D70E68700E53145 /* AppDelegate.swift in Sources */,
			);
			runOnlyForDeploymentPostprocessing = 0;
		};
		9CE97FAF1D70E68700E53145 /* Sources */ = {
			isa = PBXSourcesBuildPhase;
			buildActionMask = 2147483647;
			files = (
				9CE97FB81D70E68800E53145 /* HelloWordTests.swift in Sources */,
			);
			runOnlyForDeploymentPostprocessing = 0;
		};
		9CE97FBA1D70E68800E53145 /* Sources */ = {
			isa = PBXSourcesBuildPhase;
			buildActionMask = 2147483647;
			files = (
				9CE97FC31D70E68800E53145 /* HelloWordUITests.swift in Sources */,
			);
			runOnlyForDeploymentPostprocessing = 0;
		};
/* End PBXSourcesBuildPhase section */

/* Begin PBXTargetDependency section */
		9CE97FB51D70E68800E53145 /* PBXTargetDependency */ = {
			isa = PBXTargetDependency;
			target = 9CE97F9E1D70E68700E53145 /* HelloWord */;
			targetProxy = 9CE97FB41D70E68800E53145 /* PBXContainerItemProxy */;
		};
		9CE97FC01D70E68800E53145 /* PBXTargetDependency */ = {
			isa = PBXTargetDependency;
			target = 9CE97F9E1D70E68700E53145 /* HelloWord */;
			targetProxy = 9CE97FBF1D70E68800E53145 /* PBXContainerItemProxy */;
		};
/* End PBXTargetDependency section */

/* Begin PBXVariantGroup section */
		9CE97FA61D70E68700E53145 /* Main.storyboard */ = {
			isa = PBXVariantGroup;
			children = (
				9CE97FA71D70E68700E53145 /* Base */,
			);
			name = Main.storyboard;
			sourceTree = "<group>";
		};
		9CE97FAB1D70E68700E53145 /* LaunchScreen.storyboard */ = {
			isa = PBXVariantGroup;
			children = (
				9CE97FAC1D70E68700E53145 /* Base */,
			);
			name = LaunchScreen.storyboard;
			sourceTree = "<group>";
		};
/* End PBXVariantGroup section */

/* Begin XCBuildConfiguration section */
		9CE97FC51D70E68800E53145 /* Debug */ = {
			isa = XCBuildConfiguration;
			buildSettings = {
				ALWAYS_SEARCH_USER_PATHS = NO;
				CLANG_ANALYZER_NONNULL = YES;
				CLANG_CXX_LANGUAGE_STANDARD = "gnu++0x";
				CLANG_CXX_LIBRARY = "libc++";
				CLANG_ENABLE_MODULES = YES;
				CLANG_ENABLE_OBJC_ARC = YES;
				CLANG_WARN_BOOL_CONVERSION = YES;
				CLANG_WARN_CONSTANT_CONVERSION = YES;
				CLANG_WARN_DIRECT_OBJC_ISA_USAGE = YES_ERROR;
				CLANG_WARN_EMPTY_BODY = YES;
				CLANG_WARN_ENUM_CONVERSION = YES;
				CLANG_WARN_INT_CONVERSION = YES;
				CLANG_WARN_OBJC_ROOT_CLASS = YES_ERROR;
				CLANG_WARN_UNREACHABLE_CODE = YES;
				CLANG_WARN__DUPLICATE_METHOD_MATCH = YES;
				"CODE_SIGN_IDENTITY[sdk=iphoneos*]" = "iPhone Developer";
				COPY_PHASE_STRIP = NO;
				DEBUG_INFORMATION_FORMAT = dwarf;
				ENABLE_STRICT_OBJC_MSGSEND = YES;
				ENABLE_TESTABILITY = YES;
				GCC_C_LANGUAGE_STANDARD = gnu99;
				GCC_DYNAMIC_NO_PIC = NO;
				GCC_NO_COMMON_BLOCKS = YES;
				GCC_OPTIMIZATION_LEVEL = 0;
				GCC_PREPROCESSOR_DEFINITIONS = (
					"DEBUG=1",
					"$(inherited)",
				);
				GCC_WARN_64_TO_32_BIT_CONVERSION = YES;
				GCC_WARN_ABOUT_RETURN_TYPE = YES_ERROR;
				GCC_WARN_UNDECLARED_SELECTOR = YES;
				GCC_WARN_UNINITIALIZED_AUTOS = YES_AGGRESSIVE;
				GCC_WARN_UNUSED_FUNCTION = YES;
				GCC_WARN_UNUSED_VARIABLE = YES;
				IPHONEOS_DEPLOYMENT_TARGET = 9.3;
				MTL_ENABLE_DEBUG_INFO = YES;
				ONLY_ACTIVE_ARCH = YES;
				SDKROOT = iphoneos;
				SWIFT_OPTIMIZATION_LEVEL = "-Onone";
				TARGETED_DEVICE_FAMILY = "1,2";
			};
			name = Debug;
		};
		9CE97FC61D70E68800E53145 /* Release */ = {
			isa = XCBuildConfiguration;
			buildSettings = {
				ALWAYS_SEARCH_USER_PATHS = NO;
				CLANG_ANALYZER_NONNULL = YES;
				CLANG_CXX_LANGUAGE_STANDARD = "gnu++0x";
				CLANG_CXX_LIBRARY = "libc++";
				CLANG_ENABLE_MODULES = YES;
				CLANG_ENABLE_OBJC_ARC = YES;
				CLANG_WARN_BOOL_CONVERSION = YES;
				CLANG_WARN_CONSTANT_CONVERSION = YES;
				CLANG_WARN_DIRECT_OBJC_ISA_USAGE = YES_ERROR;
				CLANG_WARN_EMPTY_BODY = YES;
				CLANG_WARN_ENUM_CONVERSION = YES;
				CLANG_WARN_INT_CONVERSION = YES;
				CLANG_WARN_OBJC_ROOT_CLASS = YES_ERROR;
				CLANG_WARN_UNREACHABLE_CODE = YES;
				CLANG_WARN__DUPLICATE_METHOD_MATCH = YES;
				"CODE_SIGN_IDENTITY[sdk=iphoneos*]" = "iPhone Developer";
				COPY_PHASE_STRIP = NO;
				DEBUG_INFORMATION_FORMAT = "dwarf-with-dsym";
				ENABLE_NS_ASSERTIONS = NO;
				ENABLE_STRICT_OBJC_MSGSEND = YES;
				GCC_C_LANGUAGE_STANDARD = gnu99;
				GCC_NO_COMMON_BLOCKS = YES;
				GCC_WARN_64_TO_32_BIT_CONVERSION = YES;
				GCC_WARN_ABOUT_RETURN_TYPE = YES_ERROR;
				GCC_WARN_UNDECLARED_SELECTOR = YES;
				GCC_WARN_UNINITIALIZED_AUTOS = YES_AGGRESSIVE;
				GCC_WARN_UNUSED_FUNCTION = YES;
				GCC_WARN_UNUSED_VARIABLE = YES;
				IPHONEOS_DEPLOYMENT_TARGET = 9.3;
				MTL_ENABLE_DEBUG_INFO = NO;
				SDKROOT = iphoneos;
				TARGETED_DEVICE_FAMILY = "1,2";
				VALIDATE_PRODUCT = YES;
			};
			name = Release;
		};
		9CE97FC81D70E68800E53145 /* Debug */ = {
			isa = XCBuildConfiguration;
			buildSettings = {
				ASSETCATALOG_COMPILER_APPICON_NAME = AppIcon;
				INFOPLIST_FILE = HelloWord/Info.plist;
				LD_RUNPATH_SEARCH_PATHS = "$(inherited) @executable_path/Frameworks";
				PRODUCT_BUNDLE_IDENTIFIER = "Rencheng-Tan.HelloWord";
				PRODUCT_NAME = "$(TARGET_NAME)";
			};
			name = Debug;
		};
		9CE97FC91D70E68800E53145 /* Release */ = {
			isa = XCBuildConfiguration;
			buildSettings = {
				ASSETCATALOG_COMPILER_APPICON_NAME = AppIcon;
				INFOPLIST_FILE = HelloWord/Info.plist;
				LD_RUNPATH_SEARCH_PATHS = "$(inherited) @executable_path/Frameworks";
				PRODUCT_BUNDLE_IDENTIFIER = "Rencheng-Tan.HelloWord";
				PRODUCT_NAME = "$(TARGET_NAME)";
			};
			name = Release;
		};
		9CE97FCB1D70E68800E53145 /* Debug */ = {
			isa = XCBuildConfiguration;
			buildSettings = {
				BUNDLE_LOADER = "$(TEST_HOST)";
				INFOPLIST_FILE = HelloWordTests/Info.plist;
				LD_RUNPATH_SEARCH_PATHS = "$(inherited) @executable_path/Frameworks @loader_path/Frameworks";
				PRODUCT_BUNDLE_IDENTIFIER = "Rencheng-Tan.HelloWordTests";
				PRODUCT_NAME = "$(TARGET_NAME)";
				TEST_HOST = "$(BUILT_PRODUCTS_DIR)/HelloWord.app/HelloWord";
			};
			name = Debug;
		};
		9CE97FCC1D70E68800E53145 /* Release */ = {
			isa = XCBuildConfiguration;
			buildSettings = {
				BUNDLE_LOADER = "$(TEST_HOST)";
				INFOPLIST_FILE = HelloWordTests/Info.plist;
				LD_RUNPATH_SEARCH_PATHS = "$(inherited) @executable_path/Frameworks @loader_path/Frameworks";
				PRODUCT_BUNDLE_IDENTIFIER = "Rencheng-Tan.HelloWordTests";
				PRODUCT_NAME = "$(TARGET_NAME)";
				TEST_HOST = "$(BUILT_PRODUCTS_DIR)/HelloWord.app/HelloWord";
			};
			name = Release;
		};
		9CE97FCE1D70E68800E53145 /* Debug */ = {
			isa = XCBuildConfiguration;
			buildSettings = {
				INFOPLIST_FILE = HelloWordUITests/Info.plist;
				LD_RUNPATH_SEARCH_PATHS = "$(inherited) @executable_path/Frameworks @loader_path/Frameworks";
				PRODUCT_BUNDLE_IDENTIFIER = "Rencheng-Tan.HelloWordUITests";
				PRODUCT_NAME = "$(TARGET_NAME)";
				TEST_TARGET_NAME = HelloWord;
			};
			name = Debug;
		};
		9CE97FCF1D70E68800E53145 /* Release */ = {
			isa = XCBuildConfiguration;
			buildSettings = {
				INFOPLIST_FILE = HelloWordUITests/Info.plist;
				LD_RUNPATH_SEARCH_PATHS = "$(inherited) @executable_path/Frameworks @loader_path/Frameworks";
				PRODUCT_BUNDLE_IDENTIFIER = "Rencheng-Tan.HelloWordUITests";
				PRODUCT_NAME = "$(TARGET_NAME)";
				TEST_TARGET_NAME = HelloWord;
			};
			name = Release;
		};
/* End XCBuildConfiguration section */

/* Begin XCConfigurationList section */
		9CE97F9A1D70E68700E53145 /* Build configuration list for PBXProject "HelloWord" */ = {
			isa = XCConfigurationList;
			buildConfigurations = (
				9CE97FC51D70E68800E53145 /* Debug */,
				9CE97FC61D70E68800E53145 /* Release */,
			);
			defaultConfigurationIsVisible = 0;
			defaultConfigurationName = Release;
		};
		9CE97FC71D70E68800E53145 /* Build configuration list for PBXNativeTarget "HelloWord" */ = {
			isa = XCConfigurationList;
			buildConfigurations = (
				9CE97FC81D70E68800E53145 /* Debug */,
				9CE97FC91D70E68800E53145 /* Release */,
			);
			defaultConfigurationIsVisible = 0;
		};
		9CE97FCA1D70E68800E53145 /* Build configuration list for PBXNativeTarget "HelloWordTests" */ = {
			isa = XCConfigurationList;
			buildConfigurations = (
				9CE97FCB1D70E68800E53145 /* Debug */,
				9CE97FCC1D70E68800E53145 /* Release */,
			);
			defaultConfigurationIsVisible = 0;
		};
		9CE97FCD1D70E68800E53145 /* Build configuration list for PBXNativeTarget "HelloWordUITests" */ = {
			isa = XCConfigurationList;
			buildConfigurations = (
				9CE97FCE1D70E68800E53145 /* Debug */,
				9CE97FCF1D70E68800E53145 /* Release */,
			);
			defaultConfigurationIsVisible = 0;
		};
/* End XCConfigurationList section */
	};
	rootObject = 9CE97F971D70E68700E53145 /* Project object */;
}
